// !$*UTF8*$!
{
	archiveVersion = 1;
	classes = {
	};
	objectVersion = 46;
	objects = {

/* Begin PBXBuildFile section */
		D260ADE81A1AA0340088B130 /* main.m in Sources */ = {isa = PBXBuildFile; fileRef = D260ADE71A1AA0340088B130 /* main.m */; };
		D260ADEB1A1AA0340088B130 /* AppDelegate.m in Sources */ = {isa = PBXBuildFile; fileRef = D260ADEA1A1AA0340088B130 /* AppDelegate.m */; };
		D260ADEE1A1AA0340088B130 /* ViewController.m in Sources */ = {isa = PBXBuildFile; fileRef = D260ADED1A1AA0340088B130 /* ViewController.m */; };
		D260ADF11A1AA0340088B130 /* Main.storyboard in Resources */ = {isa = PBXBuildFile; fileRef = D260ADEF1A1AA0340088B130 /* Main.storyboard */; };
		D260ADF31A1AA0340088B130 /* Images.xcassets in Resources */ = {isa = PBXBuildFile; fileRef = D260ADF21A1AA0340088B130 /* Images.xcassets */; };
		D260ADF61A1AA0340088B130 /* LaunchScreen.xib in Resources */ = {isa = PBXBuildFile; fileRef = D260ADF41A1AA0340088B130 /* LaunchScreen.xib */; };
		D260AE021A1AA0340088B130 /* DrawMailerTests.m in Sources */ = {isa = PBXBuildFile; fileRef = D260AE011A1AA0340088B130 /* DrawMailerTests.m */; };
/* End PBXBuildFile section */

/* Begin PBXContainerItemProxy section */
		D260ADFC1A1AA0340088B130 /* PBXContainerItemProxy */ = {
			isa = PBXContainerItemProxy;
			containerPortal = D260ADDA1A1AA0340088B130 /* Project object */;
			proxyType = 1;
			remoteGlobalIDString = D260ADE11A1AA0340088B130;
			remoteInfo = DrawMailer;
		};
/* End PBXContainerItemProxy section */

/* Begin PBXFileReference section */
		D260ADE21A1AA0340088B130 /* DrawMailer.app */ = {isa = PBXFileReference; explicitFileType = wrapper.application; includeInIndex = 0; path = DrawMailer.app; sourceTree = BUILT_PRODUCTS_DIR; };
		D260ADE61A1AA0340088B130 /* Info.plist */ = {isa = PBXFileReference; lastKnownFileType = text.plist.xml; path = Info.plist; sourceTree = "<group>"; };
		D260ADE71A1AA0340088B130 /* main.m */ = {isa = PBXFileReference; lastKnownFileType = sourcecode.c.objc; path = main.m; sourceTree = "<group>"; };
		D260ADE91A1AA0340088B130 /* AppDelegate.h */ = {isa = PBXFileReference; lastKnownFileType = sourcecode.c.h; path = AppDelegate.h; sourceTree = "<group>"; };
		D260ADEA1A1AA0340088B130 /* AppDelegate.m */ = {isa = PBXFileReference; lastKnownFileType = sourcecode.c.objc; path = AppDelegate.m; sourceTree = "<group>"; };
		D260ADEC1A1AA0340088B130 /* ViewController.h */ = {isa = PBXFileReference; lastKnownFileType = sourcecode.c.h; path = ViewController.h; sourceTree = "<group>"; };
		D260ADED1A1AA0340088B130 /* ViewController.m */ = {isa = PBXFileReference; lastKnownFileType = sourcecode.c.objc; path = ViewController.m; sourceTree = "<group>"; };
		D260ADF01A1AA0340088B130 /* Base */ = {isa = PBXFileReference; lastKnownFileType = file.storyboard; name = Base; path = Base.lproj/Main.storyboard; sourceTree = "<group>"; };
		D260ADF21A1AA0340088B130 /* Images.xcassets */ = {isa = PBXFileReference; lastKnownFileType = folder.assetcatalog; path = Images.xcassets; sourceTree = "<group>"; };
		D260ADF51A1AA0340088B130 /* Base */ = {isa = PBXFileReference; lastKnownFileType = file.xib; name = Base; path = Base.lproj/LaunchScreen.xib; sourceTree = "<group>"; };
		D260ADFB1A1AA0340088B130 /* DrawMailerTests.xctest */ = {isa = PBXFileReference; explicitFileType = wrapper.cfbundle; includeInIndex = 0; path = DrawMailerTests.xctest; sourceTree = BUILT_PRODUCTS_DIR; };
		D260AE001A1AA0340088B130 /* Info.plist */ = {isa = PBXFileReference; lastKnownFileType = text.plist.xml; path = Info.plist; sourceTree = "<group>"; };
		D260AE011A1AA0340088B130 /* DrawMailerTests.m */ = {isa = PBXFileReference; lastKnownFileType = sourcecode.c.objc; path = DrawMailerTests.m; sourceTree = "<group>"; };
/* End PBXFileReference section */

/* Begin PBXFrameworksBuildPhase section */
		D260ADDF1A1AA0340088B130 /* Frameworks */ = {
			isa = PBXFrameworksBuildPhase;
			buildActionMask = 2147483647;
			files = (
			);
			runOnlyForDeploymentPostprocessing = 0;
		};
		D260ADF81A1AA0340088B130 /* Frameworks */ = {
			isa = PBXFrameworksBuildPhase;
			buildActionMask = 2147483647;
			files = (
			);
			runOnlyForDeploymentPostprocessing = 0;
		};
/* End PBXFrameworksBuildPhase section */

/* Begin PBXGroup section */
		D260ADD91A1AA0340088B130 = {
			isa = PBXGroup;
			children = (
				D260ADE41A1AA0340088B130 /* DrawMailer */,
				D260ADFE1A1AA0340088B130 /* DrawMailerTests */,
				D260ADE31A1AA0340088B130 /* Products */,
			);
			sourceTree = "<group>";
		};
		D260ADE31A1AA0340088B130 /* Products */ = {
			isa = PBXGroup;
			children = (
				D260ADE21A1AA0340088B130 /* DrawMailer.app */,
				D260ADFB1A1AA0340088B130 /* DrawMailerTests.xctest */,
			);
			name = Products;
			sourceTree = "<group>";
		};
		D260ADE41A1AA0340088B130 /* DrawMailer */ = {
			isa = PBXGroup;
			children = (
				D260ADE91A1AA0340088B130 /* AppDelegate.h */,
				D260ADEA1A1AA0340088B130 /* AppDelegate.m */,
				D260ADEC1A1AA0340088B130 /* ViewController.h */,
				D260ADED1A1AA0340088B130 /* ViewController.m */,
				D260ADEF1A1AA0340088B130 /* Main.storyboard */,
				D260ADF21A1AA0340088B130 /* Images.xcassets */,
				D260ADF41A1AA0340088B130 /* LaunchScreen.xib */,
				D260ADE51A1AA0340088B130 /* Supporting Files */,
			);
			path = DrawMailer;
			sourceTree = "<group>";
		};
		D260ADE51A1AA0340088B130 /* Supporting Files */ = {
			isa = PBXGroup;
			children = (
				D260ADE61A1AA0340088B130 /* Info.plist */,
				D260ADE71A1AA0340088B130 /* main.m */,
			);
			name = "Supporting Files";
			sourceTree = "<group>";
		};
		D260ADFE1A1AA0340088B130 /* DrawMailerTests */ = {
			isa = PBXGroup;
			children = (
				D260AE011A1AA0340088B130 /* DrawMailerTests.m */,
				D260ADFF1A1AA0340088B130 /* Supporting Files */,
			);
			path = DrawMailerTests;
			sourceTree = "<group>";
		};
		D260ADFF1A1AA0340088B130 /* Supporting Files */ = {
			isa = PBXGroup;
			children = (
				D260AE001A1AA0340088B130 /* Info.plist */,
			);
			name = "Supporting Files";
			sourceTree = "<group>";
		};
/* End PBXGroup section */

/* Begin PBXNativeTarget section */
		D260ADE11A1AA0340088B130 /* DrawMailer */ = {
			isa = PBXNativeTarget;
			buildConfigurationList = D260AE051A1AA0340088B130 /* Build configuration list for PBXNativeTarget "DrawMailer" */;
			buildPhases = (
				D260ADDE1A1AA0340088B130 /* Sources */,
				D260ADDF1A1AA0340088B130 /* Frameworks */,
				D260ADE01A1AA0340088B130 /* Resources */,
			);
			buildRules = (
			);
			dependencies = (
			);
			name = DrawMailer;
			productName = DrawMailer;
			productReference = D260ADE21A1AA0340088B130 /* DrawMailer.app */;
			productType = "com.apple.product-type.application";
		};
		D260ADFA1A1AA0340088B130 /* DrawMailerTests */ = {
			isa = PBXNativeTarget;
			buildConfigurationList = D260AE081A1AA0340088B130 /* Build configuration list for PBXNativeTarget "DrawMailerTests" */;
			buildPhases = (
				D260ADF71A1AA0340088B130 /* Sources */,
				D260ADF81A1AA0340088B130 /* Frameworks */,
				D260ADF91A1AA0340088B130 /* Resources */,
			);
			buildRules = (
			);
			dependencies = (
				D260ADFD1A1AA0340088B130 /* PBXTargetDependency */,
			);
			name = DrawMailerTests;
			productName = DrawMailerTests;
			productReference = D260ADFB1A1AA0340088B130 /* DrawMailerTests.xctest */;
			productType = "com.apple.product-type.bundle.unit-test";
		};
/* End PBXNativeTarget section */

/* Begin PBXProject section */
		D260ADDA1A1AA0340088B130 /* Project object */ = {
			isa = PBXProject;
			attributes = {
				LastUpgradeCheck = 0610;
				ORGANIZATIONNAME = "-=fAlC0n=-";
				TargetAttributes = {
					D260ADE11A1AA0340088B130 = {
						CreatedOnToolsVersion = 6.1;
					};
					D260ADFA1A1AA0340088B130 = {
						CreatedOnToolsVersion = 6.1;
						TestTargetID = D260ADE11A1AA0340088B130;
					};
				};
			};
			buildConfigurationList = D260ADDD1A1AA0340088B130 /* Build configuration list for PBXProject "DrawMailer" */;
			compatibilityVersion = "Xcode 3.2";
			developmentRegion = English;
			hasScannedForEncodings = 0;
			knownRegions = (
				en,
				Base,
			);
			mainGroup = D260ADD91A1AA0340088B130;
			productRefGroup = D260ADE31A1AA0340088B130 /* Products */;
			projectDirPath = "";
			projectRoot = "";
			targets = (
				D260ADE11A1AA0340088B130 /* DrawMailer */,
				D260ADFA1A1AA0340088B130 /* DrawMailerTests */,
			);
		};
/* End PBXProject section */

/* Begin PBXResourcesBuildPhase section */
		D260ADE01A1AA0340088B130 /* Resources */ = {
			isa = PBXResourcesBuildPhase;
			buildActionMask = 2147483647;
			files = (
				D260ADF11A1AA0340088B130 /* Main.storyboard in Resources */,
				D260ADF61A1AA0340088B130 /* LaunchScreen.xib in Resources */,
				D260ADF31A1AA0340088B130 /* Images.xcassets in Resources */,
			);
			runOnlyForDeploymentPostprocessing = 0;
		};
		D260ADF91A1AA0340088B130 /* Resources */ = {
			isa = PBXResourcesBuildPhase;
			buildActionMask = 2147483647;
			files = (
			);
			runOnlyForDeploymentPostprocessing = 0;
		};
/* End PBXResourcesBuildPhase section */

/* Begin PBXSourcesBuildPhase section */
		D260ADDE1A1AA0340088B130 /* Sources */ = {
			isa = PBXSourcesBuildPhase;
			buildActionMask = 2147483647;
			files = (
				D260ADEE1A1AA0340088B130 /* ViewController.m in Sources */,
				D260ADEB1A1AA0340088B130 /* AppDelegate.m in Sources */,
				D260ADE81A1AA0340088B130 /* main.m in Sources */,
			);
			runOnlyForDeploymentPostprocessing = 0;
		};
		D260ADF71A1AA0340088B130 /* Sources */ = {
			isa = PBXSourcesBuildPhase;
			buildActionMask = 2147483647;
			files = (
				D260AE021A1AA0340088B130 /* DrawMailerTests.m in Sources */,
			);
			runOnlyForDeploymentPostprocessing = 0;
		};
/* End PBXSourcesBuildPhase section */

/* Begin PBXTargetDependency section */
		D260ADFD1A1AA0340088B130 /* PBXTargetDependency */ = {
			isa = PBXTargetDependency;
			target = D260ADE11A1AA0340088B130 /* DrawMailer */;
			targetProxy = D260ADFC1A1AA0340088B130 /* PBXContainerItemProxy */;
		};
/* End PBXTargetDependency section */

/* Begin PBXVariantGroup section */
		D260ADEF1A1AA0340088B130 /* Main.storyboard */ = {
			isa = PBXVariantGroup;
			children = (
				D260ADF01A1AA0340088B130 /* Base */,
			);
			name = Main.storyboard;
			sourceTree = "<group>";
		};
		D260ADF41A1AA0340088B130 /* LaunchScreen.xib */ = {
			isa = PBXVariantGroup;
			children = (
				D260ADF51A1AA0340088B130 /* Base */,
			);
			name = LaunchScreen.xib;
			sourceTree = "<group>";
		};
/* End PBXVariantGroup section */

/* Begin XCBuildConfiguration section */
		D260AE031A1AA0340088B130 /* Debug */ = {
			isa = XCBuildConfiguration;
			buildSettings = {
				ALWAYS_SEARCH_USER_PATHS = NO;
				CLANG_CXX_LANGUAGE_STANDARD = "gnu++0x";
				CLANG_CXX_LIBRARY = "libc++";
				CLANG_ENABLE_MODULES = YES;
				CLANG_ENABLE_OBJC_ARC = YES;
				CLANG_WARN_BOOL_CONVERSION = YES;
				CLANG_WARN_CONSTANT_CONVERSION = YES;
				CLANG_WARN_DIRECT_OBJC_ISA_USAGE = YES_ERROR;
				CLANG_WARN_EMPTY_BODY = YES;
				CLANG_WARN_ENUM_CONVERSION = YES;
				CLANG_WARN_INT_CONVERSION = YES;
				CLANG_WARN_OBJC_ROOT_CLASS = YES_ERROR;
				CLANG_WARN_UNREACHABLE_CODE = YES;
				CLANG_WARN__DUPLICATE_METHOD_MATCH = YES;
				"CODE_SIGN_IDENTITY[sdk=iphoneos*]" = "iPhone Developer";
				COPY_PHASE_STRIP = NO;
				ENABLE_STRICT_OBJC_MSGSEND = YES;
				GCC_C_LANGUAGE_STANDARD = gnu99;
				GCC_DYNAMIC_NO_PIC = NO;
				GCC_OPTIMIZATION_LEVEL = 0;
				GCC_PREPROCESSOR_DEFINITIONS = (
					"DEBUG=1",
					"$(inherited)",
				);
				GCC_SYMBOLS_PRIVATE_EXTERN = NO;
				GCC_WARN_64_TO_32_BIT_CONVERSION = YES;
				GCC_WARN_ABOUT_RETURN_TYPE = YES_ERROR;
				GCC_WARN_UNDECLARED_SELECTOR = YES;
				GCC_WARN_UNINITIALIZED_AUTOS = YES_AGGRESSIVE;
				GCC_WARN_UNUSED_FUNCTION = YES;
				GCC_WARN_UNUSED_VARIABLE = YES;
				IPHONEOS_DEPLOYMENT_TARGET = 8.1;
				MTL_ENABLE_DEBUG_INFO = YES;
				ONLY_ACTIVE_ARCH = YES;
				SDKROOT = iphoneos;
			};
			name = Debug;
		};
		D260AE041A1AA0340088B130 /* Release */ = {
			isa = XCBuildConfiguration;
			buildSettings = {
				ALWAYS_SEARCH_USER_PATHS = NO;
				CLANG_CXX_LANGUAGE_STANDARD = "gnu++0x";
				CLANG_CXX_LIBRARY = "libc++";
				CLANG_ENABLE_MODULES = YES;
				CLANG_ENABLE_OBJC_ARC = YES;
				CLANG_WARN_BOOL_CONVERSION = YES;
				CLANG_WARN_CONSTANT_CONVERSION = YES;
				CLANG_WARN_DIRECT_OBJC_ISA_USAGE = YES_ERROR;
				CLANG_WARN_EMPTY_BODY = YES;
				CLANG_WARN_ENUM_CONVERSION = YES;
				CLANG_WARN_INT_CONVERSION = YES;
				CLANG_WARN_OBJC_ROOT_CLASS = YES_ERROR;
				CLANG_WARN_UNREACHABLE_CODE = YES;
				CLANG_WARN__DUPLICATE_METHOD_MATCH = YES;
				"CODE_SIGN_IDENTITY[sdk=iphoneos*]" = "iPhone Developer";
				COPY_PHASE_STRIP = YES;
				ENABLE_NS_ASSERTIONS = NO;
				ENABLE_STRICT_OBJC_MSGSEND = YES;
				GCC_C_LANGUAGE_STANDARD = gnu99;
				GCC_WARN_64_TO_32_BIT_CONVERSION = YES;
				GCC_WARN_ABOUT_RETURN_TYPE = YES_ERROR;
				GCC_WARN_UNDECLARED_SELECTOR = YES;
				GCC_WARN_UNINITIALIZED_AUTOS = YES_AGGRESSIVE;
				GCC_WARN_UNUSED_FUNCTION = YES;
				GCC_WARN_UNUSED_VARIABLE = YES;
				IPHONEOS_DEPLOYMENT_TARGET = 8.1;
				MTL_ENABLE_DEBUG_INFO = NO;
				SDKROOT = iphoneos;
				VALIDATE_PRODUCT = YES;
			};
			name = Release;
		};
		D260AE061A1AA0340088B130 /* Debug */ = {
			isa = XCBuildConfiguration;
			buildSettings = {
				ASSETCATALOG_COMPILER_APPICON_NAME = AppIcon;
				INFOPLIST_FILE = DrawMailer/Info.plist;
				LD_RUNPATH_SEARCH_PATHS = "$(inherited) @executable_path/Frameworks";
				PRODUCT_NAME = "$(TARGET_NAME)";
			};
			name = Debug;
		};
		D260AE071A1AA0340088B130 /* Release */ = {
			isa = XCBuildConfiguration;
			buildSettings = {
				ASSETCATALOG_COMPILER_APPICON_NAME = AppIcon;
				INFOPLIST_FILE = DrawMailer/Info.plist;
				LD_RUNPATH_SEARCH_PATHS = "$(inherited) @executable_path/Frameworks";
				PRODUCT_NAME = "$(TARGET_NAME)";
			};
			name = Release;
		};
		D260AE091A1AA0340088B130 /* Debug */ = {
			isa = XCBuildConfiguration;
			buildSettings = {
				BUNDLE_LOADER = "$(TEST_HOST)";
				FRAMEWORK_SEARCH_PATHS = (
					"$(SDKROOT)/Developer/Library/Frameworks",
					"$(inherited)",
				);
				GCC_PREPROCESSOR_DEFINITIONS = (
					"DEBUG=1",
					"$(inherited)",
				);
				INFOPLIST_FILE = DrawMailerTests/Info.plist;
				LD_RUNPATH_SEARCH_PATHS = "$(inherited) @executable_path/Frameworks @loader_path/Frameworks";
				PRODUCT_NAME = "$(TARGET_NAME)";
				TEST_HOST = "$(BUILT_PRODUCTS_DIR)/DrawMailer.app/DrawMailer";
			};
			name = Debug;
		};
		D260AE0A1A1AA0340088B130 /* Release */ = {
			isa = XCBuildConfiguration;
			buildSettings = {
				BUNDLE_LOADER = "$(TEST_HOST)";
				FRAMEWORK_SEARCH_PATHS = (
					"$(SDKROOT)/Developer/Library/Frameworks",
					"$(inherited)",
				);
				INFOPLIST_FILE = DrawMailerTests/Info.plist;
				LD_RUNPATH_SEARCH_PATHS = "$(inherited) @executable_path/Frameworks @loader_path/Frameworks";
				PRODUCT_NAME = "$(TARGET_NAME)";
				TEST_HOST = "$(BUILT_PRODUCTS_DIR)/DrawMailer.app/DrawMailer";
			};
			name = Release;
		};
/* End XCBuildConfiguration section */

/* Begin XCConfigurationList section */
		D260ADDD1A1AA0340088B130 /* Build configuration list for PBXProject "DrawMailer" */ = {
			isa = XCConfigurationList;
			buildConfigurations = (
				D260AE031A1AA0340088B130 /* Debug */,
				D260AE041A1AA0340088B130 /* Release */,
			);
			defaultConfigurationIsVisible = 0;
			defaultConfigurationName = Release;
		};
		D260AE051A1AA0340088B130 /* Build configuration list for PBXNativeTarget "DrawMailer" */ = {
			isa = XCConfigurationList;
			buildConfigurations = (
				D260AE061A1AA0340088B130 /* Debug */,
				D260AE071A1AA0340088B130 /* Release */,
			);
			defaultConfigurationIsVisible = 0;
		};
		D260AE081A1AA0340088B130 /* Build configuration list for PBXNativeTarget "DrawMailerTests" */ = {
			isa = XCConfigurationList;
			buildConfigurations = (
				D260AE091A1AA0340088B130 /* Debug */,
				D260AE0A1A1AA0340088B130 /* Release */,
			);
			defaultConfigurationIsVisible = 0;
		};
/* End XCConfigurationList section */
	};
	rootObject = D260ADDA1A1AA0340088B130 /* Project object */;
}
